
Microsoft Visual Studio Solution File, Format Version 12.00
# Visual Studio Version 17
VisualStudioVersion = 17.3.32929.385
MinimumVisualStudioVersion = 10.0.40219.1
Project("{FAE04EC0-301F-11D3-BF4B-00C04F79EFBC}") = "Ej", "Ej.csproj", "{F971FF03-950A-4A76-A072-9E67D0F25EB5}"
EndProject
Global
	GlobalSection(SolutionConfigurationPlatforms) = preSolution
		Debug|Any CPU = Debug|Any CPU
		Release|Any CPU = Release|Any CPU
	EndGlobalSection
	GlobalSection(ProjectConfigurationPlatforms) = postSolution
		{F971FF03-950A-4A76-A072-9E67D0F25EB5}.Debug|Any CPU.ActiveCfg = Debug|Any CPU
		{F971FF03-950A-4A76-A072-9E67D0F25EB5}.Debug|Any CPU.Build.0 = Debug|Any CPU
		{F971FF03-950A-4A76-A072-9E67D0F25EB5}.Release|Any CPU.ActiveCfg = Release|Any CPU
		{F971FF03-950A-4A76-A072-9E67D0F25EB5}.Release|Any CPU.Build.0 = Release|Any CPU
	EndGlobalSection
	GlobalSection(SolutionProperties) = preSolution
		HideSolutionNode = FALSE
	EndGlobalSection
	GlobalSection(ExtensibilityGlobals) = postSolution
		SolutionGuid = {B6224621-0A12-4370-9C1D-B338C8B53B10}
	EndGlobalSection
EndGlobal
